
Microsoft Visual Studio Solution File, Format Version 12.00
# Visual Studio 2013
VisualStudioVersion = 12.0.40629.0
MinimumVisualStudioVersion = 10.0.40219.1
Project("{FAE04EC0-301F-11D3-BF4B-00C04F79EFBC}") = "Task01", "Task01\Task01.csproj", "{A3F84EF7-14D4-4975-8DA1-7B00264F8BB3}"
EndProject
Project("{FAE04EC0-301F-11D3-BF4B-00C04F79EFBC}") = "Task02", "Task02\Task02.csproj", "{646BE37F-1AFF-434A-AEC8-648AD58A803B}"
EndProject
Project("{FAE04EC0-301F-11D3-BF4B-00C04F79EFBC}") = "Task03", "Task03\Task03.csproj", "{6A8835C2-6990-4211-9783-A3B593F1C7AA}"
EndProject
Project("{FAE04EC0-301F-11D3-BF4B-00C04F79EFBC}") = "Task04", "Task04\Task04.csproj", "{5DFF3C9F-854D-41FF-A90B-4FB06FD14A76}"
EndProject
Project("{FAE04EC0-301F-11D3-BF4B-00C04F79EFBC}") = "Task05", "Task05\Task05.csproj", "{C0130BCF-B5EF-4F30-A424-7C37D12A2201}"
EndProject
Project("{FAE04EC0-301F-11D3-BF4B-00C04F79EFBC}") = "Task06", "Task06\Task06.csproj", "{44148C8B-FCDF-481D-A324-E6BE8FDDBF4A}"
EndProject
Project("{FAE04EC0-301F-11D3-BF4B-00C04F79EFBC}") = "Task07", "Task07\Task07.csproj", "{FEEADA86-630F-4004-AECB-9435A8EBB35E}"
EndProject
Project("{FAE04EC0-301F-11D3-BF4B-00C04F79EFBC}") = "Task08", "Task08\Task08.csproj", "{42C960D0-6DB9-465D-A6CC-C9E8943CC5C3}"
EndProject
Project("{FAE04EC0-301F-11D3-BF4B-00C04F79EFBC}") = "Task09", "Task09\Task09.csproj", "{7B2995FB-4BF1-4996-9504-ABAF3A93FFF4}"
EndProject
Project("{FAE04EC0-301F-11D3-BF4B-00C04F79EFBC}") = "Task10", "Task10\Task10.csproj", "{D77F96A6-CC99-4847-BF0F-8021028502F0}"
EndProject
Project("{FAE04EC0-301F-11D3-BF4B-00C04F79EFBC}") = "Task11", "Task11\Task11.csproj", "{C0602FA6-26AE-446C-B508-0CA93E7E9F5B}"
EndProject
Project("{FAE04EC0-301F-11D3-BF4B-00C04F79EFBC}") = "Task12", "Task12\Task12.csproj", "{6FEBDC04-C7D4-4B8B-9EA7-95F8AC090C02}"
EndProject
Project("{FAE04EC0-301F-11D3-BF4B-00C04F79EFBC}") = "Task13", "Task13\Task13.csproj", "{88B8FD78-5CC2-48EE-BFAF-12BAAE14CBC8}"
EndProject
Global
	GlobalSection(SolutionConfigurationPlatforms) = preSolution
		Debug|Any CPU = Debug|Any CPU
		Release|Any CPU = Release|Any CPU
	EndGlobalSection
	GlobalSection(ProjectConfigurationPlatforms) = postSolution
		{A3F84EF7-14D4-4975-8DA1-7B00264F8BB3}.Debug|Any CPU.ActiveCfg = Debug|Any CPU
		{A3F84EF7-14D4-4975-8DA1-7B00264F8BB3}.Debug|Any CPU.Build.0 = Debug|Any CPU
		{A3F84EF7-14D4-4975-8DA1-7B00264F8BB3}.Release|Any CPU.ActiveCfg = Release|Any CPU
		{A3F84EF7-14D4-4975-8DA1-7B00264F8BB3}.Release|Any CPU.Build.0 = Release|Any CPU
		{646BE37F-1AFF-434A-AEC8-648AD58A803B}.Debug|Any CPU.ActiveCfg = Debug|Any CPU
		{646BE37F-1AFF-434A-AEC8-648AD58A803B}.Debug|Any CPU.Build.0 = Debug|Any CPU
		{646BE37F-1AFF-434A-AEC8-648AD58A803B}.Release|Any CPU.ActiveCfg = Release|Any CPU
		{646BE37F-1AFF-434A-AEC8-648AD58A803B}.Release|Any CPU.Build.0 = Release|Any CPU
		{6A8835C2-6990-4211-9783-A3B593F1C7AA}.Debug|Any CPU.ActiveCfg = Debug|Any CPU
		{6A8835C2-6990-4211-9783-A3B593F1C7AA}.Debug|Any CPU.Build.0 = Debug|Any CPU
		{6A8835C2-6990-4211-9783-A3B593F1C7AA}.Release|Any CPU.ActiveCfg = Release|Any CPU
		{6A8835C2-6990-4211-9783-A3B593F1C7AA}.Release|Any CPU.Build.0 = Release|Any CPU
		{5DFF3C9F-854D-41FF-A90B-4FB06FD14A76}.Debug|Any CPU.ActiveCfg = Debug|Any CPU
		{5DFF3C9F-854D-41FF-A90B-4FB06FD14A76}.Debug|Any CPU.Build.0 = Debug|Any CPU
		{5DFF3C9F-854D-41FF-A90B-4FB06FD14A76}.Release|Any CPU.ActiveCfg = Release|Any CPU
		{5DFF3C9F-854D-41FF-A90B-4FB06FD14A76}.Release|Any CPU.Build.0 = Release|Any CPU
		{C0130BCF-B5EF-4F30-A424-7C37D12A2201}.Debug|Any CPU.ActiveCfg = Debug|Any CPU
		{C0130BCF-B5EF-4F30-A424-7C37D12A2201}.Debug|Any CPU.Build.0 = Debug|Any CPU
		{C0130BCF-B5EF-4F30-A424-7C37D12A2201}.Release|Any CPU.ActiveCfg = Release|Any CPU
		{C0130BCF-B5EF-4F30-A424-7C37D12A2201}.Release|Any CPU.Build.0 = Release|Any CPU
		{44148C8B-FCDF-481D-A324-E6BE8FDDBF4A}.Debug|Any CPU.ActiveCfg = Debug|Any CPU
		{44148C8B-FCDF-481D-A324-E6BE8FDDBF4A}.Debug|Any CPU.Build.0 = Debug|Any CPU
		{44148C8B-FCDF-481D-A324-E6BE8FDDBF4A}.Release|Any CPU.ActiveCfg = Release|Any CPU
		{44148C8B-FCDF-481D-A324-E6BE8FDDBF4A}.Release|Any CPU.Build.0 = Release|Any CPU
		{FEEADA86-630F-4004-AECB-9435A8EBB35E}.Debug|Any CPU.ActiveCfg = Debug|Any CPU
		{FEEADA86-630F-4004-AECB-9435A8EBB35E}.Debug|Any CPU.Build.0 = Debug|Any CPU
		{FEEADA86-630F-4004-AECB-9435A8EBB35E}.Release|Any CPU.ActiveCfg = Release|Any CPU
		{FEEADA86-630F-4004-AECB-9435A8EBB35E}.Release|Any CPU.Build.0 = Release|Any CPU
		{42C960D0-6DB9-465D-A6CC-C9E8943CC5C3}.Debug|Any CPU.ActiveCfg = Debug|Any CPU
		{42C960D0-6DB9-465D-A6CC-C9E8943CC5C3}.Debug|Any CPU.Build.0 = Debug|Any CPU
		{42C960D0-6DB9-465D-A6CC-C9E8943CC5C3}.Release|Any CPU.ActiveCfg = Release|Any CPU
		{42C960D0-6DB9-465D-A6CC-C9E8943CC5C3}.Release|Any CPU.Build.0 = Release|Any CPU
		{7B2995FB-4BF1-4996-9504-ABAF3A93FFF4}.Debug|Any CPU.ActiveCfg = Debug|Any CPU
		{7B2995FB-4BF1-4996-9504-ABAF3A93FFF4}.Debug|Any CPU.Build.0 = Debug|Any CPU
		{7B2995FB-4BF1-4996-9504-ABAF3A93FFF4}.Release|Any CPU.ActiveCfg = Release|Any CPU
		{7B2995FB-4BF1-4996-9504-ABAF3A93FFF4}.Release|Any CPU.Build.0 = Release|Any CPU
		{D77F96A6-CC99-4847-BF0F-8021028502F0}.Debug|Any CPU.ActiveCfg = Debug|Any CPU
		{D77F96A6-CC99-4847-BF0F-8021028502F0}.Debug|Any CPU.Build.0 = Debug|Any CPU
		{D77F96A6-CC99-4847-BF0F-8021028502F0}.Release|Any CPU.ActiveCfg = Release|Any CPU
		{D77F96A6-CC99-4847-BF0F-8021028502F0}.Release|Any CPU.Build.0 = Release|Any CPU
		{C0602FA6-26AE-446C-B508-0CA93E7E9F5B}.Debug|Any CPU.ActiveCfg = Debug|Any CPU
		{C0602FA6-26AE-446C-B508-0CA93E7E9F5B}.Debug|Any CPU.Build.0 = Debug|Any CPU
		{C0602FA6-26AE-446C-B508-0CA93E7E9F5B}.Release|Any CPU.ActiveCfg = Release|Any CPU
		{C0602FA6-26AE-446C-B508-0CA93E7E9F5B}.Release|Any CPU.Build.0 = Release|Any CPU
		{6FEBDC04-C7D4-4B8B-9EA7-95F8AC090C02}.Debug|Any CPU.ActiveCfg = Debug|Any CPU
		{6FEBDC04-C7D4-4B8B-9EA7-95F8AC090C02}.Debug|Any CPU.Build.0 = Debug|Any CPU
		{6FEBDC04-C7D4-4B8B-9EA7-95F8AC090C02}.Release|Any CPU.ActiveCfg = Release|Any CPU
		{6FEBDC04-C7D4-4B8B-9EA7-95F8AC090C02}.Release|Any CPU.Build.0 = Release|Any CPU
		{88B8FD78-5CC2-48EE-BFAF-12BAAE14CBC8}.Debug|Any CPU.ActiveCfg = Debug|Any CPU
		{88B8FD78-5CC2-48EE-BFAF-12BAAE14CBC8}.Debug|Any CPU.Build.0 = Debug|Any CPU
		{88B8FD78-5CC2-48EE-BFAF-12BAAE14CBC8}.Release|Any CPU.ActiveCfg = Release|Any CPU
		{88B8FD78-5CC2-48EE-BFAF-12BAAE14CBC8}.Release|Any CPU.Build.0 = Release|Any CPU
	EndGlobalSection
	GlobalSection(SolutionProperties) = preSolution
		HideSolutionNode = FALSE
	EndGlobalSection
EndGlobal
